
Microsoft Visual Studio Solution File, Format Version 12.00
# Visual Studio Version 16
VisualStudioVersion = 16.0.29613.14
MinimumVisualStudioVersion = 10.0.40219.1
Project("{FAE04EC0-301F-11D3-BF4B-00C04F79EFBC}") = "BlazorToDo", "BlazorToDo\BlazorToDo.csproj", "{073F3249-9B32-4A91-9BA1-62702EAD8B70}"
EndProject
Global
	GlobalSection(SolutionConfigurationPlatforms) = preSolution
		Debug|Any CPU = Debug|Any CPU
		Release|Any CPU = Release|Any CPU
	EndGlobalSection
	GlobalSection(ProjectConfigurationPlatforms) = postSolution
		{073F3249-9B32-4A91-9BA1-62702EAD8B70}.Debug|Any CPU.ActiveCfg = Debug|Any CPU
		{073F3249-9B32-4A91-9BA1-62702EAD8B70}.Debug|Any CPU.Build.0 = Debug|Any CPU
		{073F3249-9B32-4A91-9BA1-62702EAD8B70}.Release|Any CPU.ActiveCfg = Release|Any CPU
		{073F3249-9B32-4A91-9BA1-62702EAD8B70}.Release|Any CPU.Build.0 = Release|Any CPU
	EndGlobalSection
	GlobalSection(SolutionProperties) = preSolution
		HideSolutionNode = FALSE
	EndGlobalSection
	GlobalSection(ExtensibilityGlobals) = postSolution
		SolutionGuid = {30A25E45-F8E9-4950-8A4A-85A4C3CC11E2}
	EndGlobalSection
EndGlobal
